
Microsoft Visual Studio Solution File, Format Version 11.00
# Visual Studio 2010
Project("{FAE04EC0-301F-11D3-BF4B-00C04F79EFBC}") = "Cydin", "Cydin\Cydin.csproj", "{86F68BD3-3372-465C-864C-CFE35EAB5263}"
EndProject
Project("{FAE04EC0-301F-11D3-BF4B-00C04F79EFBC}") = "CydinBuildService", "CydinBuildService\CydinBuildService.csproj", "{4AFC8138-D54D-45B8-8890-CB666BDB7580}"
EndProject
Project("{FAE04EC0-301F-11D3-BF4B-00C04F79EFBC}") = "CydinService", "CydinService\CydinService.csproj", "{E938D655-F3B8-4A72-877F-2A4140420A9F}"
EndProject
Project("{2150E333-8FDC-42A3-9474-1A3956D46DE8}") = "Solution Items", "Solution Items", "{2276D9FD-B8E4-4238-B26D-F3065F514B42}"
	ProjectSection(SolutionItems) = preProject
		README = README
	EndProjectSection
EndProject
Global
	GlobalSection(SolutionConfigurationPlatforms) = preSolution
		Debug|Any CPU = Debug|Any CPU
		Release|Any CPU = Release|Any CPU
	EndGlobalSection
	GlobalSection(ProjectConfigurationPlatforms) = postSolution
		{4AFC8138-D54D-45B8-8890-CB666BDB7580}.Debug|Any CPU.ActiveCfg = Debug|Any CPU
		{4AFC8138-D54D-45B8-8890-CB666BDB7580}.Debug|Any CPU.Build.0 = Debug|Any CPU
		{4AFC8138-D54D-45B8-8890-CB666BDB7580}.Release|Any CPU.ActiveCfg = Release|Any CPU
		{4AFC8138-D54D-45B8-8890-CB666BDB7580}.Release|Any CPU.Build.0 = Release|Any CPU
		{86F68BD3-3372-465C-864C-CFE35EAB5263}.Debug|Any CPU.ActiveCfg = Debug|Any CPU
		{86F68BD3-3372-465C-864C-CFE35EAB5263}.Debug|Any CPU.Build.0 = Debug|Any CPU
		{86F68BD3-3372-465C-864C-CFE35EAB5263}.Release|Any CPU.ActiveCfg = Release|Any CPU
		{86F68BD3-3372-465C-864C-CFE35EAB5263}.Release|Any CPU.Build.0 = Release|Any CPU
		{E938D655-F3B8-4A72-877F-2A4140420A9F}.Debug|Any CPU.ActiveCfg = Debug|Any CPU
		{E938D655-F3B8-4A72-877F-2A4140420A9F}.Debug|Any CPU.Build.0 = Debug|Any CPU
		{E938D655-F3B8-4A72-877F-2A4140420A9F}.Release|Any CPU.ActiveCfg = Release|Any CPU
		{E938D655-F3B8-4A72-877F-2A4140420A9F}.Release|Any CPU.Build.0 = Release|Any CPU
	EndGlobalSection
	GlobalSection(NestedProjects) = preSolution
	EndGlobalSection
	GlobalSection(MonoDevelopProperties) = preSolution
		StartupItem = Cydin\Cydin.csproj
		Policies = $0
		$0.VersionControlPolicy = $1
		$1.inheritsSet = Mono
		$0.ChangeLogPolicy = $2
		$2.UpdateMode = None
		$2.inheritsSet = Mono
		$0.TextStylePolicy = $3
		$3.FileWidth = 120
		$3.TabsToSpaces = False
		$3.EolMarker = Windows
		$3.inheritsSet = VisualStudio
		$3.inheritsScope = text/plain
		$3.scope = text/x-csharp
		$0.CSharpFormattingPolicy = $4
		$4.ElseIfNewLinePlacement = SameLine
		$4.AfterDelegateDeclarationParameterComma = True
		$4.inheritsSet = Mono
		$4.inheritsScope = text/x-csharp
		$4.scope = text/x-csharp
		$0.TextStylePolicy = $5
		$5.FileWidth = 120
		$5.TabsToSpaces = False
		$5.EolMarker = Windows
		$5.inheritsSet = VisualStudio
		$5.inheritsScope = text/plain
		$5.scope = text/plain
	EndGlobalSection
	GlobalSection(SolutionProperties) = preSolution
		HideSolutionNode = FALSE
	EndGlobalSection
EndGlobal
